
Microsoft Visual Studio Solution File, Format Version 12.00
# Visual Studio 15
VisualStudioVersion = 15.0.26430.6
MinimumVisualStudioVersion = 10.0.40219.1
Project("{FAE04EC0-301F-11D3-BF4B-00C04F79EFBC}") = "RepositoryPattern.UI", "RepositoryPattern.UI\RepositoryPattern.UI.csproj", "{C8F4FFF2-8BDA-4806-8399-D3557D69515E}"
EndProject
Project("{FAE04EC0-301F-11D3-BF4B-00C04F79EFBC}") = "RepositoryPattern.Data", "RepositoryPattern.Data\RepositoryPattern.Data.csproj", "{40FB76B6-3378-481E-8754-F8CEF4F22C0A}"
EndProject
Global
	GlobalSection(SolutionConfigurationPlatforms) = preSolution
		Debug|Any CPU = Debug|Any CPU
		Release|Any CPU = Release|Any CPU
	EndGlobalSection
	GlobalSection(ProjectConfigurationPlatforms) = postSolution
		{C8F4FFF2-8BDA-4806-8399-D3557D69515E}.Debug|Any CPU.ActiveCfg = Debug|Any CPU
		{C8F4FFF2-8BDA-4806-8399-D3557D69515E}.Debug|Any CPU.Build.0 = Debug|Any CPU
		{C8F4FFF2-8BDA-4806-8399-D3557D69515E}.Release|Any CPU.ActiveCfg = Release|Any CPU
		{C8F4FFF2-8BDA-4806-8399-D3557D69515E}.Release|Any CPU.Build.0 = Release|Any CPU
		{40FB76B6-3378-481E-8754-F8CEF4F22C0A}.Debug|Any CPU.ActiveCfg = Debug|Any CPU
		{40FB76B6-3378-481E-8754-F8CEF4F22C0A}.Debug|Any CPU.Build.0 = Debug|Any CPU
		{40FB76B6-3378-481E-8754-F8CEF4F22C0A}.Release|Any CPU.ActiveCfg = Release|Any CPU
		{40FB76B6-3378-481E-8754-F8CEF4F22C0A}.Release|Any CPU.Build.0 = Release|Any CPU
	EndGlobalSection
	GlobalSection(SolutionProperties) = preSolution
		HideSolutionNode = FALSE
	EndGlobalSection
EndGlobal
